
Microsoft Visual Studio Solution File, Format Version 12.00
# Visual Studio 15
VisualStudioVersion = 15.0.28307.329
MinimumVisualStudioVersion = 10.0.40219.1
Project("{FAE04EC0-301F-11D3-BF4B-00C04F79EFBC}") = "HappyPass.Android", "HappyPass\HappyPass.Android\HappyPass.Android.csproj", "{C14CC8A7-137F-4F88-BEB1-94FF5B5F976F}"
EndProject
Project("{FAE04EC0-301F-11D3-BF4B-00C04F79EFBC}") = "HappyPass.iOS", "HappyPass\HappyPass.iOS\HappyPass.iOS.csproj", "{5A84E839-CF92-4279-B8E2-308C500AD882}"
EndProject
Project("{FAE04EC0-301F-11D3-BF4B-00C04F79EFBC}") = "HappyPass", "HappyPass\HappyPass\HappyPass.csproj", "{F7D8C68A-C6AE-4DE5-B883-BDD34ADC9777}"
EndProject
Global
	GlobalSection(SolutionConfigurationPlatforms) = preSolution
		Ad-Hoc|Any CPU = Ad-Hoc|Any CPU
		Ad-Hoc|iPhone = Ad-Hoc|iPhone
		Ad-Hoc|iPhoneSimulator = Ad-Hoc|iPhoneSimulator
		AppStore|Any CPU = AppStore|Any CPU
		AppStore|iPhone = AppStore|iPhone
		AppStore|iPhoneSimulator = AppStore|iPhoneSimulator
		Debug|Any CPU = Debug|Any CPU
		Debug|iPhone = Debug|iPhone
		Debug|iPhoneSimulator = Debug|iPhoneSimulator
		Release|Any CPU = Release|Any CPU
		Release|iPhone = Release|iPhone
		Release|iPhoneSimulator = Release|iPhoneSimulator
	EndGlobalSection
	GlobalSection(ProjectConfigurationPlatforms) = postSolution
		{C14CC8A7-137F-4F88-BEB1-94FF5B5F976F}.Ad-Hoc|Any CPU.ActiveCfg = Release|Any CPU
		{C14CC8A7-137F-4F88-BEB1-94FF5B5F976F}.Ad-Hoc|Any CPU.Build.0 = Release|Any CPU
		{C14CC8A7-137F-4F88-BEB1-94FF5B5F976F}.Ad-Hoc|Any CPU.Deploy.0 = Release|Any CPU
		{C14CC8A7-137F-4F88-BEB1-94FF5B5F976F}.Ad-Hoc|iPhone.ActiveCfg = Release|Any CPU
		{C14CC8A7-137F-4F88-BEB1-94FF5B5F976F}.Ad-Hoc|iPhone.Build.0 = Release|Any CPU
		{C14CC8A7-137F-4F88-BEB1-94FF5B5F976F}.Ad-Hoc|iPhone.Deploy.0 = Release|Any CPU
		{C14CC8A7-137F-4F88-BEB1-94FF5B5F976F}.Ad-Hoc|iPhoneSimulator.ActiveCfg = Release|Any CPU
		{C14CC8A7-137F-4F88-BEB1-94FF5B5F976F}.Ad-Hoc|iPhoneSimulator.Build.0 = Release|Any CPU
		{C14CC8A7-137F-4F88-BEB1-94FF5B5F976F}.Ad-Hoc|iPhoneSimulator.Deploy.0 = Release|Any CPU
		{C14CC8A7-137F-4F88-BEB1-94FF5B5F976F}.AppStore|Any CPU.ActiveCfg = Release|Any CPU
		{C14CC8A7-137F-4F88-BEB1-94FF5B5F976F}.AppStore|Any CPU.Build.0 = Release|Any CPU
		{C14CC8A7-137F-4F88-BEB1-94FF5B5F976F}.AppStore|Any CPU.Deploy.0 = Release|Any CPU
		{C14CC8A7-137F-4F88-BEB1-94FF5B5F976F}.AppStore|iPhone.ActiveCfg = Release|Any CPU
		{C14CC8A7-137F-4F88-BEB1-94FF5B5F976F}.AppStore|iPhone.Build.0 = Release|Any CPU
		{C14CC8A7-137F-4F88-BEB1-94FF5B5F976F}.AppStore|iPhone.Deploy.0 = Release|Any CPU
		{C14CC8A7-137F-4F88-BEB1-94FF5B5F976F}.AppStore|iPhoneSimulator.ActiveCfg = Release|Any CPU
		{C14CC8A7-137F-4F88-BEB1-94FF5B5F976F}.AppStore|iPhoneSimulator.Build.0 = Release|Any CPU
		{C14CC8A7-137F-4F88-BEB1-94FF5B5F976F}.AppStore|iPhoneSimulator.Deploy.0 = Release|Any CPU
		{C14CC8A7-137F-4F88-BEB1-94FF5B5F976F}.Debug|Any CPU.ActiveCfg = Debug|Any CPU
		{C14CC8A7-137F-4F88-BEB1-94FF5B5F976F}.Debug|Any CPU.Build.0 = Debug|Any CPU
		{C14CC8A7-137F-4F88-BEB1-94FF5B5F976F}.Debug|Any CPU.Deploy.0 = Debug|Any CPU
		{C14CC8A7-137F-4F88-BEB1-94FF5B5F976F}.Debug|iPhone.ActiveCfg = Debug|Any CPU
		{C14CC8A7-137F-4F88-BEB1-94FF5B5F976F}.Debug|iPhone.Build.0 = Debug|Any CPU
		{C14CC8A7-137F-4F88-BEB1-94FF5B5F976F}.Debug|iPhone.Deploy.0 = Debug|Any CPU
		{C14CC8A7-137F-4F88-BEB1-94FF5B5F976F}.Debug|iPhoneSimulator.ActiveCfg = Debug|Any CPU
		{C14CC8A7-137F-4F88-BEB1-94FF5B5F976F}.Debug|iPhoneSimulator.Build.0 = Debug|Any CPU
		{C14CC8A7-137F-4F88-BEB1-94FF5B5F976F}.Debug|iPhoneSimulator.Deploy.0 = Debug|Any CPU
		{C14CC8A7-137F-4F88-BEB1-94FF5B5F976F}.Release|Any CPU.ActiveCfg = Release|Any CPU
		{C14CC8A7-137F-4F88-BEB1-94FF5B5F976F}.Release|Any CPU.Build.0 = Release|Any CPU
		{C14CC8A7-137F-4F88-BEB1-94FF5B5F976F}.Release|Any CPU.Deploy.0 = Release|Any CPU
		{C14CC8A7-137F-4F88-BEB1-94FF5B5F976F}.Release|iPhone.ActiveCfg = Release|Any CPU
		{C14CC8A7-137F-4F88-BEB1-94FF5B5F976F}.Release|iPhone.Build.0 = Release|Any CPU
		{C14CC8A7-137F-4F88-BEB1-94FF5B5F976F}.Release|iPhone.Deploy.0 = Release|Any CPU
		{C14CC8A7-137F-4F88-BEB1-94FF5B5F976F}.Release|iPhoneSimulator.ActiveCfg = Release|Any CPU
		{C14CC8A7-137F-4F88-BEB1-94FF5B5F976F}.Release|iPhoneSimulator.Build.0 = Release|Any CPU
		{C14CC8A7-137F-4F88-BEB1-94FF5B5F976F}.Release|iPhoneSimulator.Deploy.0 = Release|Any CPU
		{5A84E839-CF92-4279-B8E2-308C500AD882}.Ad-Hoc|Any CPU.ActiveCfg = Ad-Hoc|iPhone
		{5A84E839-CF92-4279-B8E2-308C500AD882}.Ad-Hoc|Any CPU.Build.0 = Ad-Hoc|iPhone
		{5A84E839-CF92-4279-B8E2-308C500AD882}.Ad-Hoc|Any CPU.Deploy.0 = Ad-Hoc|iPhone
		{5A84E839-CF92-4279-B8E2-308C500AD882}.Ad-Hoc|iPhone.ActiveCfg = Ad-Hoc|iPhone
		{5A84E839-CF92-4279-B8E2-308C500AD882}.Ad-Hoc|iPhone.Build.0 = Ad-Hoc|iPhone
		{5A84E839-CF92-4279-B8E2-308C500AD882}.Ad-Hoc|iPhone.Deploy.0 = Ad-Hoc|iPhone
		{5A84E839-CF92-4279-B8E2-308C500AD882}.Ad-Hoc|iPhoneSimulator.ActiveCfg = Ad-Hoc|iPhoneSimulator
		{5A84E839-CF92-4279-B8E2-308C500AD882}.Ad-Hoc|iPhoneSimulator.Build.0 = Ad-Hoc|iPhoneSimulator
		{5A84E839-CF92-4279-B8E2-308C500AD882}.Ad-Hoc|iPhoneSimulator.Deploy.0 = Ad-Hoc|iPhoneSimulator
		{5A84E839-CF92-4279-B8E2-308C500AD882}.AppStore|Any CPU.ActiveCfg = AppStore|iPhone
		{5A84E839-CF92-4279-B8E2-308C500AD882}.AppStore|Any CPU.Build.0 = AppStore|iPhone
		{5A84E839-CF92-4279-B8E2-308C500AD882}.AppStore|Any CPU.Deploy.0 = AppStore|iPhone
		{5A84E839-CF92-4279-B8E2-308C500AD882}.AppStore|iPhone.ActiveCfg = AppStore|iPhone
		{5A84E839-CF92-4279-B8E2-308C500AD882}.AppStore|iPhone.Build.0 = AppStore|iPhone
		{5A84E839-CF92-4279-B8E2-308C500AD882}.AppStore|iPhone.Deploy.0 = AppStore|iPhone
		{5A84E839-CF92-4279-B8E2-308C500AD882}.AppStore|iPhoneSimulator.ActiveCfg = AppStore|iPhoneSimulator
		{5A84E839-CF92-4279-B8E2-308C500AD882}.AppStore|iPhoneSimulator.Build.0 = AppStore|iPhoneSimulator
		{5A84E839-CF92-4279-B8E2-308C500AD882}.AppStore|iPhoneSimulator.Deploy.0 = AppStore|iPhoneSimulator
		{5A84E839-CF92-4279-B8E2-308C500AD882}.Debug|Any CPU.ActiveCfg = Debug|iPhoneSimulator
		{5A84E839-CF92-4279-B8E2-308C500AD882}.Debug|Any CPU.Build.0 = Debug|iPhoneSimulator
		{5A84E839-CF92-4279-B8E2-308C500AD882}.Debug|Any CPU.Deploy.0 = Debug|iPhoneSimulator
		{5A84E839-CF92-4279-B8E2-308C500AD882}.Debug|iPhone.ActiveCfg = Debug|iPhone
		{5A84E839-CF92-4279-B8E2-308C500AD882}.Debug|iPhone.Build.0 = Debug|iPhone
		{5A84E839-CF92-4279-B8E2-308C500AD882}.Debug|iPhone.Deploy.0 = Debug|iPhone
		{5A84E839-CF92-4279-B8E2-308C500AD882}.Debug|iPhoneSimulator.ActiveCfg = Debug|iPhoneSimulator
		{5A84E839-CF92-4279-B8E2-308C500AD882}.Debug|iPhoneSimulator.Build.0 = Debug|iPhoneSimulator
		{5A84E839-CF92-4279-B8E2-308C500AD882}.Debug|iPhoneSimulator.Deploy.0 = Debug|iPhoneSimulator
		{5A84E839-CF92-4279-B8E2-308C500AD882}.Release|Any CPU.ActiveCfg = Release|iPhone
		{5A84E839-CF92-4279-B8E2-308C500AD882}.Release|Any CPU.Build.0 = Release|iPhone
		{5A84E839-CF92-4279-B8E2-308C500AD882}.Release|Any CPU.Deploy.0 = Release|iPhone
		{5A84E839-CF92-4279-B8E2-308C500AD882}.Release|iPhone.ActiveCfg = Release|iPhone
		{5A84E839-CF92-4279-B8E2-308C500AD882}.Release|iPhone.Build.0 = Release|iPhone
		{5A84E839-CF92-4279-B8E2-308C500AD882}.Release|iPhone.Deploy.0 = Release|iPhone
		{5A84E839-CF92-4279-B8E2-308C500AD882}.Release|iPhoneSimulator.ActiveCfg = Release|iPhoneSimulator
		{5A84E839-CF92-4279-B8E2-308C500AD882}.Release|iPhoneSimulator.Build.0 = Release|iPhoneSimulator
		{5A84E839-CF92-4279-B8E2-308C500AD882}.Release|iPhoneSimulator.Deploy.0 = Release|iPhoneSimulator
		{F7D8C68A-C6AE-4DE5-B883-BDD34ADC9777}.Ad-Hoc|Any CPU.ActiveCfg = Debug|Any CPU
		{F7D8C68A-C6AE-4DE5-B883-BDD34ADC9777}.Ad-Hoc|Any CPU.Build.0 = Debug|Any CPU
		{F7D8C68A-C6AE-4DE5-B883-BDD34ADC9777}.Ad-Hoc|Any CPU.Deploy.0 = Debug|Any CPU
		{F7D8C68A-C6AE-4DE5-B883-BDD34ADC9777}.Ad-Hoc|iPhone.ActiveCfg = Debug|Any CPU
		{F7D8C68A-C6AE-4DE5-B883-BDD34ADC9777}.Ad-Hoc|iPhone.Build.0 = Debug|Any CPU
		{F7D8C68A-C6AE-4DE5-B883-BDD34ADC9777}.Ad-Hoc|iPhone.Deploy.0 = Debug|Any CPU
		{F7D8C68A-C6AE-4DE5-B883-BDD34ADC9777}.Ad-Hoc|iPhoneSimulator.ActiveCfg = Debug|Any CPU
		{F7D8C68A-C6AE-4DE5-B883-BDD34ADC9777}.Ad-Hoc|iPhoneSimulator.Build.0 = Debug|Any CPU
		{F7D8C68A-C6AE-4DE5-B883-BDD34ADC9777}.Ad-Hoc|iPhoneSimulator.Deploy.0 = Debug|Any CPU
		{F7D8C68A-C6AE-4DE5-B883-BDD34ADC9777}.AppStore|Any CPU.ActiveCfg = Debug|Any CPU
		{F7D8C68A-C6AE-4DE5-B883-BDD34ADC9777}.AppStore|Any CPU.Build.0 = Debug|Any CPU
		{F7D8C68A-C6AE-4DE5-B883-BDD34ADC9777}.AppStore|Any CPU.Deploy.0 = Debug|Any CPU
		{F7D8C68A-C6AE-4DE5-B883-BDD34ADC9777}.AppStore|iPhone.ActiveCfg = Debug|Any CPU
		{F7D8C68A-C6AE-4DE5-B883-BDD34ADC9777}.AppStore|iPhone.Build.0 = Debug|Any CPU
		{F7D8C68A-C6AE-4DE5-B883-BDD34ADC9777}.AppStore|iPhone.Deploy.0 = Debug|Any CPU
		{F7D8C68A-C6AE-4DE5-B883-BDD34ADC9777}.AppStore|iPhoneSimulator.ActiveCfg = Debug|Any CPU
		{F7D8C68A-C6AE-4DE5-B883-BDD34ADC9777}.AppStore|iPhoneSimulator.Build.0 = Debug|Any CPU
		{F7D8C68A-C6AE-4DE5-B883-BDD34ADC9777}.AppStore|iPhoneSimulator.Deploy.0 = Debug|Any CPU
		{F7D8C68A-C6AE-4DE5-B883-BDD34ADC9777}.Debug|Any CPU.ActiveCfg = Debug|Any CPU
		{F7D8C68A-C6AE-4DE5-B883-BDD34ADC9777}.Debug|Any CPU.Build.0 = Debug|Any CPU
		{F7D8C68A-C6AE-4DE5-B883-BDD34ADC9777}.Debug|Any CPU.Deploy.0 = Debug|Any CPU
		{F7D8C68A-C6AE-4DE5-B883-BDD34ADC9777}.Debug|iPhone.ActiveCfg = Debug|Any CPU
		{F7D8C68A-C6AE-4DE5-B883-BDD34ADC9777}.Debug|iPhone.Build.0 = Debug|Any CPU
		{F7D8C68A-C6AE-4DE5-B883-BDD34ADC9777}.Debug|iPhone.Deploy.0 = Debug|Any CPU
		{F7D8C68A-C6AE-4DE5-B883-BDD34ADC9777}.Debug|iPhoneSimulator.ActiveCfg = Debug|Any CPU
		{F7D8C68A-C6AE-4DE5-B883-BDD34ADC9777}.Debug|iPhoneSimulator.Build.0 = Debug|Any CPU
		{F7D8C68A-C6AE-4DE5-B883-BDD34ADC9777}.Debug|iPhoneSimulator.Deploy.0 = Debug|Any CPU
		{F7D8C68A-C6AE-4DE5-B883-BDD34ADC9777}.Release|Any CPU.ActiveCfg = Release|Any CPU
		{F7D8C68A-C6AE-4DE5-B883-BDD34ADC9777}.Release|Any CPU.Build.0 = Release|Any CPU
		{F7D8C68A-C6AE-4DE5-B883-BDD34ADC9777}.Release|Any CPU.Deploy.0 = Release|Any CPU
		{F7D8C68A-C6AE-4DE5-B883-BDD34ADC9777}.Release|iPhone.ActiveCfg = Release|Any CPU
		{F7D8C68A-C6AE-4DE5-B883-BDD34ADC9777}.Release|iPhone.Build.0 = Release|Any CPU
		{F7D8C68A-C6AE-4DE5-B883-BDD34ADC9777}.Release|iPhone.Deploy.0 = Release|Any CPU
		{F7D8C68A-C6AE-4DE5-B883-BDD34ADC9777}.Release|iPhoneSimulator.ActiveCfg = Release|Any CPU
		{F7D8C68A-C6AE-4DE5-B883-BDD34ADC9777}.Release|iPhoneSimulator.Build.0 = Release|Any CPU
		{F7D8C68A-C6AE-4DE5-B883-BDD34ADC9777}.Release|iPhoneSimulator.Deploy.0 = Release|Any CPU
	EndGlobalSection
	GlobalSection(SolutionProperties) = preSolution
		HideSolutionNode = FALSE
	EndGlobalSection
	GlobalSection(ExtensibilityGlobals) = postSolution
		SolutionGuid = {2CF7FA2C-3796-46D3-AFF9-910D9AE66A6B}
	EndGlobalSection
EndGlobal
